
Microsoft Visual Studio Solution File, Format Version 12.00
# Visual Studio Version 17
VisualStudioVersion = 17.2.32602.215
MinimumVisualStudioVersion = 10.0.40219.1
Project("{FAE04EC0-301F-11D3-BF4B-00C04F79EFBC}") = "ConsoleApp3", "ConsoleApp3\ConsoleApp3.csproj", "{018D22FC-6F39-4A8E-BE55-DE91025CF334}"
EndProject
Global
	GlobalSection(SolutionConfigurationPlatforms) = preSolution
		Debug|Any CPU = Debug|Any CPU
		Release|Any CPU = Release|Any CPU
	EndGlobalSection
	GlobalSection(ProjectConfigurationPlatforms) = postSolution
		{018D22FC-6F39-4A8E-BE55-DE91025CF334}.Debug|Any CPU.ActiveCfg = Debug|Any CPU
		{018D22FC-6F39-4A8E-BE55-DE91025CF334}.Debug|Any CPU.Build.0 = Debug|Any CPU
		{018D22FC-6F39-4A8E-BE55-DE91025CF334}.Release|Any CPU.ActiveCfg = Release|Any CPU
		{018D22FC-6F39-4A8E-BE55-DE91025CF334}.Release|Any CPU.Build.0 = Release|Any CPU
	EndGlobalSection
	GlobalSection(SolutionProperties) = preSolution
		HideSolutionNode = FALSE
	EndGlobalSection
	GlobalSection(ExtensibilityGlobals) = postSolution
		SolutionGuid = {10D7973C-7786-4ACC-AAA1-0DFBCF9FA221}
	EndGlobalSection
EndGlobal
